
Microsoft Visual Studio Solution File, Format Version 12.00
# Visual Studio Version 17
VisualStudioVersion = 17.14.36705.20 d17.14
MinimumVisualStudioVersion = 10.0.40219.1
Project("{FAE04EC0-301F-11D3-BF4B-00C04F79EFBC}") = "Telegram2VkBot", "Telegram2VkBot\Telegram2VkBot.csproj", "{4B1C71A4-EEF2-2331-09E5-969F4CE06FCB}"
EndProject
Global
	GlobalSection(SolutionConfigurationPlatforms) = preSolution
		Debug|Any CPU = Debug|Any CPU
		Release|Any CPU = Release|Any CPU
	EndGlobalSection
	GlobalSection(ProjectConfigurationPlatforms) = postSolution
		{4B1C71A4-EEF2-2331-09E5-969F4CE06FCB}.Debug|Any CPU.ActiveCfg = Debug|Any CPU
		{4B1C71A4-EEF2-2331-09E5-969F4CE06FCB}.Debug|Any CPU.Build.0 = Debug|Any CPU
		{4B1C71A4-EEF2-2331-09E5-969F4CE06FCB}.Release|Any CPU.ActiveCfg = Release|Any CPU
		{4B1C71A4-EEF2-2331-09E5-969F4CE06FCB}.Release|Any CPU.Build.0 = Release|Any CPU
	EndGlobalSection
	GlobalSection(SolutionProperties) = preSolution
		HideSolutionNode = FALSE
	EndGlobalSection
	GlobalSection(ExtensibilityGlobals) = postSolution
		SolutionGuid = {9C974078-6B64-4FB0-9133-306B105C3385}
	EndGlobalSection
EndGlobal
